
Microsoft Visual Studio Solution File, Format Version 12.00
# Visual Studio Version 16
VisualStudioVersion = 16.0.32106.194
MinimumVisualStudioVersion = 10.0.40219.1
Project("{FAE04EC0-301F-11D3-BF4B-00C04F79EFBC}") = "Task4", "Task4\Task4.csproj", "{DED444C1-E0BE-4475-8ABE-0BC6787998B3}"
EndProject
Global
	GlobalSection(SolutionConfigurationPlatforms) = preSolution
		Debug|Any CPU = Debug|Any CPU
		Release|Any CPU = Release|Any CPU
	EndGlobalSection
	GlobalSection(ProjectConfigurationPlatforms) = postSolution
		{DED444C1-E0BE-4475-8ABE-0BC6787998B3}.Debug|Any CPU.ActiveCfg = Debug|Any CPU
		{DED444C1-E0BE-4475-8ABE-0BC6787998B3}.Debug|Any CPU.Build.0 = Debug|Any CPU
		{DED444C1-E0BE-4475-8ABE-0BC6787998B3}.Release|Any CPU.ActiveCfg = Release|Any CPU
		{DED444C1-E0BE-4475-8ABE-0BC6787998B3}.Release|Any CPU.Build.0 = Release|Any CPU
	EndGlobalSection
	GlobalSection(SolutionProperties) = preSolution
		HideSolutionNode = FALSE
	EndGlobalSection
	GlobalSection(ExtensibilityGlobals) = postSolution
		SolutionGuid = {BD4D9500-6F10-416D-8460-8BE09414FDD1}
	EndGlobalSection
EndGlobal
