
Microsoft Visual Studio Solution File, Format Version 12.00
# Visual Studio Version 16
VisualStudioVersion = 16.0.32106.194
MinimumVisualStudioVersion = 10.0.40219.1
Project("{FAE04EC0-301F-11D3-BF4B-00C04F79EFBC}") = "ConsoleApp.Task1", "ConsoleApp.Task1\ConsoleApp.Task1.csproj", "{2596C5C6-C46D-4918-8A63-57777FDDB4E3}"
EndProject
Project("{FAE04EC0-301F-11D3-BF4B-00C04F79EFBC}") = "Task2", "Task2\Task2.csproj", "{021AC046-1E1C-4F03-83E8-733A7D398F10}"
EndProject
Global
	GlobalSection(SolutionConfigurationPlatforms) = preSolution
		Debug|Any CPU = Debug|Any CPU
		Release|Any CPU = Release|Any CPU
	EndGlobalSection
	GlobalSection(ProjectConfigurationPlatforms) = postSolution
		{2596C5C6-C46D-4918-8A63-57777FDDB4E3}.Debug|Any CPU.ActiveCfg = Debug|Any CPU
		{2596C5C6-C46D-4918-8A63-57777FDDB4E3}.Debug|Any CPU.Build.0 = Debug|Any CPU
		{2596C5C6-C46D-4918-8A63-57777FDDB4E3}.Release|Any CPU.ActiveCfg = Release|Any CPU
		{2596C5C6-C46D-4918-8A63-57777FDDB4E3}.Release|Any CPU.Build.0 = Release|Any CPU
		{021AC046-1E1C-4F03-83E8-733A7D398F10}.Debug|Any CPU.ActiveCfg = Debug|Any CPU
		{021AC046-1E1C-4F03-83E8-733A7D398F10}.Debug|Any CPU.Build.0 = Debug|Any CPU
		{021AC046-1E1C-4F03-83E8-733A7D398F10}.Release|Any CPU.ActiveCfg = Release|Any CPU
		{021AC046-1E1C-4F03-83E8-733A7D398F10}.Release|Any CPU.Build.0 = Release|Any CPU
	EndGlobalSection
	GlobalSection(SolutionProperties) = preSolution
		HideSolutionNode = FALSE
	EndGlobalSection
	GlobalSection(ExtensibilityGlobals) = postSolution
		SolutionGuid = {E63B9C18-20F1-4AB9-8542-C85E5AF561C8}
	EndGlobalSection
EndGlobal
