
Microsoft Visual Studio Solution File, Format Version 12.00
# Visual Studio Version 16
VisualStudioVersion = 16.0.32106.194
MinimumVisualStudioVersion = 10.0.40219.1
Project("{FAE04EC0-301F-11D3-BF4B-00C04F79EFBC}") = "Task5", "Task5\Task5.csproj", "{0C5E0B38-A2F4-4906-84B6-FE257D603233}"
EndProject
Global
	GlobalSection(SolutionConfigurationPlatforms) = preSolution
		Debug|Any CPU = Debug|Any CPU
		Release|Any CPU = Release|Any CPU
	EndGlobalSection
	GlobalSection(ProjectConfigurationPlatforms) = postSolution
		{0C5E0B38-A2F4-4906-84B6-FE257D603233}.Debug|Any CPU.ActiveCfg = Debug|Any CPU
		{0C5E0B38-A2F4-4906-84B6-FE257D603233}.Debug|Any CPU.Build.0 = Debug|Any CPU
		{0C5E0B38-A2F4-4906-84B6-FE257D603233}.Release|Any CPU.ActiveCfg = Release|Any CPU
		{0C5E0B38-A2F4-4906-84B6-FE257D603233}.Release|Any CPU.Build.0 = Release|Any CPU
	EndGlobalSection
	GlobalSection(SolutionProperties) = preSolution
		HideSolutionNode = FALSE
	EndGlobalSection
	GlobalSection(ExtensibilityGlobals) = postSolution
		SolutionGuid = {DEFFE2AF-EB23-4EB2-ADE6-464C6DA4073C}
	EndGlobalSection
EndGlobal
